
Microsoft Visual Studio Solution File, Format Version 12.00
# Visual Studio Version 16
VisualStudioVersion = 16.0.29728.190
MinimumVisualStudioVersion = 10.0.40219.1
Project("{9A19103F-16F7-4668-BE54-9A1E7A4F7556}") = "TaxiQualifier.Common", "TaxiQualifier.Common\TaxiQualifier.Common.csproj", "{554F6C17-2786-43E3-83DF-C0CF860E67A1}"
EndProject
Project("{9A19103F-16F7-4668-BE54-9A1E7A4F7556}") = "TaxiQualifier.Web", "TaxiQualifier.Web\TaxiQualifier.Web.csproj", "{407131E4-45EF-4B27-9A84-550DC12A736A}"
EndProject
Project("{FAE04EC0-301F-11D3-BF4B-00C04F79EFBC}") = "TaxiQualifier.Prism", "TaxiQualifier.Prism\TaxiQualifier.Prism\TaxiQualifier.Prism.csproj", "{6923904B-B141-4C51-AF47-815FCDE720EC}"
EndProject
Project("{FAE04EC0-301F-11D3-BF4B-00C04F79EFBC}") = "TaxiQualifier.Prism.Android", "TaxiQualifier.Prism\TaxiQualifier.Prism.Android\TaxiQualifier.Prism.Android.csproj", "{B7AF4921-22E0-441E-A85E-355F805B8430}"
EndProject
Project("{FAE04EC0-301F-11D3-BF4B-00C04F79EFBC}") = "TaxiQualifier.Prism.iOS", "TaxiQualifier.Prism\TaxiQualifier.Prism.iOS\TaxiQualifier.Prism.iOS.csproj", "{E3668781-9A31-4B48-A0D4-7FEF03D697C9}"
EndProject
Project("{FAE04EC0-301F-11D3-BF4B-00C04F79EFBC}") = "TaxiQualifier.Cross.Android", "TaxiQualifier.Cross.Android\TaxiQualifier.Cross.Android.csproj", "{BC0273D2-1718-457F-99F0-9116AA60338A}"
EndProject
Project("{FAE04EC0-301F-11D3-BF4B-00C04F79EFBC}") = "TaxiQualifier.Cross.iOS", "TaxiQualifier.Cross.iOS\TaxiQualifier.Cross.iOS.csproj", "{03BA0332-8E73-4263-AC17-D9570A683E3B}"
EndProject
Global
	GlobalSection(SolutionConfigurationPlatforms) = preSolution
		Ad-Hoc|Any CPU = Ad-Hoc|Any CPU
		Ad-Hoc|iPhone = Ad-Hoc|iPhone
		Ad-Hoc|iPhoneSimulator = Ad-Hoc|iPhoneSimulator
		AppStore|Any CPU = AppStore|Any CPU
		AppStore|iPhone = AppStore|iPhone
		AppStore|iPhoneSimulator = AppStore|iPhoneSimulator
		Debug|Any CPU = Debug|Any CPU
		Debug|iPhone = Debug|iPhone
		Debug|iPhoneSimulator = Debug|iPhoneSimulator
		Release|Any CPU = Release|Any CPU
		Release|iPhone = Release|iPhone
		Release|iPhoneSimulator = Release|iPhoneSimulator
	EndGlobalSection
	GlobalSection(ProjectConfigurationPlatforms) = postSolution
		{554F6C17-2786-43E3-83DF-C0CF860E67A1}.Ad-Hoc|Any CPU.ActiveCfg = Release|Any CPU
		{554F6C17-2786-43E3-83DF-C0CF860E67A1}.Ad-Hoc|Any CPU.Build.0 = Release|Any CPU
		{554F6C17-2786-43E3-83DF-C0CF860E67A1}.Ad-Hoc|iPhone.ActiveCfg = Release|Any CPU
		{554F6C17-2786-43E3-83DF-C0CF860E67A1}.Ad-Hoc|iPhone.Build.0 = Release|Any CPU
		{554F6C17-2786-43E3-83DF-C0CF860E67A1}.Ad-Hoc|iPhoneSimulator.ActiveCfg = Release|Any CPU
		{554F6C17-2786-43E3-83DF-C0CF860E67A1}.Ad-Hoc|iPhoneSimulator.Build.0 = Release|Any CPU
		{554F6C17-2786-43E3-83DF-C0CF860E67A1}.AppStore|Any CPU.ActiveCfg = Release|Any CPU
		{554F6C17-2786-43E3-83DF-C0CF860E67A1}.AppStore|Any CPU.Build.0 = Release|Any CPU
		{554F6C17-2786-43E3-83DF-C0CF860E67A1}.AppStore|iPhone.ActiveCfg = Release|Any CPU
		{554F6C17-2786-43E3-83DF-C0CF860E67A1}.AppStore|iPhone.Build.0 = Release|Any CPU
		{554F6C17-2786-43E3-83DF-C0CF860E67A1}.AppStore|iPhoneSimulator.ActiveCfg = Release|Any CPU
		{554F6C17-2786-43E3-83DF-C0CF860E67A1}.AppStore|iPhoneSimulator.Build.0 = Release|Any CPU
		{554F6C17-2786-43E3-83DF-C0CF860E67A1}.Debug|Any CPU.ActiveCfg = Debug|Any CPU
		{554F6C17-2786-43E3-83DF-C0CF860E67A1}.Debug|Any CPU.Build.0 = Debug|Any CPU
		{554F6C17-2786-43E3-83DF-C0CF860E67A1}.Debug|iPhone.ActiveCfg = Debug|Any CPU
		{554F6C17-2786-43E3-83DF-C0CF860E67A1}.Debug|iPhone.Build.0 = Debug|Any CPU
		{554F6C17-2786-43E3-83DF-C0CF860E67A1}.Debug|iPhoneSimulator.ActiveCfg = Debug|Any CPU
		{554F6C17-2786-43E3-83DF-C0CF860E67A1}.Debug|iPhoneSimulator.Build.0 = Debug|Any CPU
		{554F6C17-2786-43E3-83DF-C0CF860E67A1}.Release|Any CPU.ActiveCfg = Release|Any CPU
		{554F6C17-2786-43E3-83DF-C0CF860E67A1}.Release|Any CPU.Build.0 = Release|Any CPU
		{554F6C17-2786-43E3-83DF-C0CF860E67A1}.Release|iPhone.ActiveCfg = Release|Any CPU
		{554F6C17-2786-43E3-83DF-C0CF860E67A1}.Release|iPhone.Build.0 = Release|Any CPU
		{554F6C17-2786-43E3-83DF-C0CF860E67A1}.Release|iPhoneSimulator.ActiveCfg = Release|Any CPU
		{554F6C17-2786-43E3-83DF-C0CF860E67A1}.Release|iPhoneSimulator.Build.0 = Release|Any CPU
		{407131E4-45EF-4B27-9A84-550DC12A736A}.Ad-Hoc|Any CPU.ActiveCfg = Release|Any CPU
		{407131E4-45EF-4B27-9A84-550DC12A736A}.Ad-Hoc|Any CPU.Build.0 = Release|Any CPU
		{407131E4-45EF-4B27-9A84-550DC12A736A}.Ad-Hoc|iPhone.ActiveCfg = Release|Any CPU
		{407131E4-45EF-4B27-9A84-550DC12A736A}.Ad-Hoc|iPhone.Build.0 = Release|Any CPU
		{407131E4-45EF-4B27-9A84-550DC12A736A}.Ad-Hoc|iPhoneSimulator.ActiveCfg = Release|Any CPU
		{407131E4-45EF-4B27-9A84-550DC12A736A}.Ad-Hoc|iPhoneSimulator.Build.0 = Release|Any CPU
		{407131E4-45EF-4B27-9A84-550DC12A736A}.AppStore|Any CPU.ActiveCfg = Release|Any CPU
		{407131E4-45EF-4B27-9A84-550DC12A736A}.AppStore|Any CPU.Build.0 = Release|Any CPU
		{407131E4-45EF-4B27-9A84-550DC12A736A}.AppStore|iPhone.ActiveCfg = Release|Any CPU
		{407131E4-45EF-4B27-9A84-550DC12A736A}.AppStore|iPhone.Build.0 = Release|Any CPU
		{407131E4-45EF-4B27-9A84-550DC12A736A}.AppStore|iPhoneSimulator.ActiveCfg = Release|Any CPU
		{407131E4-45EF-4B27-9A84-550DC12A736A}.AppStore|iPhoneSimulator.Build.0 = Release|Any CPU
		{407131E4-45EF-4B27-9A84-550DC12A736A}.Debug|Any CPU.ActiveCfg = Debug|Any CPU
		{407131E4-45EF-4B27-9A84-550DC12A736A}.Debug|Any CPU.Build.0 = Debug|Any CPU
		{407131E4-45EF-4B27-9A84-550DC12A736A}.Debug|iPhone.ActiveCfg = Debug|Any CPU
		{407131E4-45EF-4B27-9A84-550DC12A736A}.Debug|iPhone.Build.0 = Debug|Any CPU
		{407131E4-45EF-4B27-9A84-550DC12A736A}.Debug|iPhoneSimulator.ActiveCfg = Debug|Any CPU
		{407131E4-45EF-4B27-9A84-550DC12A736A}.Debug|iPhoneSimulator.Build.0 = Debug|Any CPU
		{407131E4-45EF-4B27-9A84-550DC12A736A}.Release|Any CPU.ActiveCfg = Release|Any CPU
		{407131E4-45EF-4B27-9A84-550DC12A736A}.Release|Any CPU.Build.0 = Release|Any CPU
		{407131E4-45EF-4B27-9A84-550DC12A736A}.Release|iPhone.ActiveCfg = Release|Any CPU
		{407131E4-45EF-4B27-9A84-550DC12A736A}.Release|iPhone.Build.0 = Release|Any CPU
		{407131E4-45EF-4B27-9A84-550DC12A736A}.Release|iPhoneSimulator.ActiveCfg = Release|Any CPU
		{407131E4-45EF-4B27-9A84-550DC12A736A}.Release|iPhoneSimulator.Build.0 = Release|Any CPU
		{6923904B-B141-4C51-AF47-815FCDE720EC}.Ad-Hoc|Any CPU.ActiveCfg = Debug|Any CPU
		{6923904B-B141-4C51-AF47-815FCDE720EC}.Ad-Hoc|Any CPU.Build.0 = Debug|Any CPU
		{6923904B-B141-4C51-AF47-815FCDE720EC}.Ad-Hoc|iPhone.ActiveCfg = Debug|Any CPU
		{6923904B-B141-4C51-AF47-815FCDE720EC}.Ad-Hoc|iPhone.Build.0 = Debug|Any CPU
		{6923904B-B141-4C51-AF47-815FCDE720EC}.Ad-Hoc|iPhoneSimulator.ActiveCfg = Debug|Any CPU
		{6923904B-B141-4C51-AF47-815FCDE720EC}.Ad-Hoc|iPhoneSimulator.Build.0 = Debug|Any CPU
		{6923904B-B141-4C51-AF47-815FCDE720EC}.AppStore|Any CPU.ActiveCfg = Debug|Any CPU
		{6923904B-B141-4C51-AF47-815FCDE720EC}.AppStore|Any CPU.Build.0 = Debug|Any CPU
		{6923904B-B141-4C51-AF47-815FCDE720EC}.AppStore|iPhone.ActiveCfg = Debug|Any CPU
		{6923904B-B141-4C51-AF47-815FCDE720EC}.AppStore|iPhone.Build.0 = Debug|Any CPU
		{6923904B-B141-4C51-AF47-815FCDE720EC}.AppStore|iPhoneSimulator.ActiveCfg = Debug|Any CPU
		{6923904B-B141-4C51-AF47-815FCDE720EC}.AppStore|iPhoneSimulator.Build.0 = Debug|Any CPU
		{6923904B-B141-4C51-AF47-815FCDE720EC}.Debug|Any CPU.ActiveCfg = Debug|Any CPU
		{6923904B-B141-4C51-AF47-815FCDE720EC}.Debug|Any CPU.Build.0 = Debug|Any CPU
		{6923904B-B141-4C51-AF47-815FCDE720EC}.Debug|iPhone.ActiveCfg = Debug|Any CPU
		{6923904B-B141-4C51-AF47-815FCDE720EC}.Debug|iPhone.Build.0 = Debug|Any CPU
		{6923904B-B141-4C51-AF47-815FCDE720EC}.Debug|iPhoneSimulator.ActiveCfg = Debug|Any CPU
		{6923904B-B141-4C51-AF47-815FCDE720EC}.Debug|iPhoneSimulator.Build.0 = Debug|Any CPU
		{6923904B-B141-4C51-AF47-815FCDE720EC}.Release|Any CPU.ActiveCfg = Release|Any CPU
		{6923904B-B141-4C51-AF47-815FCDE720EC}.Release|Any CPU.Build.0 = Release|Any CPU
		{6923904B-B141-4C51-AF47-815FCDE720EC}.Release|iPhone.ActiveCfg = Release|Any CPU
		{6923904B-B141-4C51-AF47-815FCDE720EC}.Release|iPhone.Build.0 = Release|Any CPU
		{6923904B-B141-4C51-AF47-815FCDE720EC}.Release|iPhoneSimulator.ActiveCfg = Release|Any CPU
		{6923904B-B141-4C51-AF47-815FCDE720EC}.Release|iPhoneSimulator.Build.0 = Release|Any CPU
		{B7AF4921-22E0-441E-A85E-355F805B8430}.Ad-Hoc|Any CPU.ActiveCfg = Release|Any CPU
		{B7AF4921-22E0-441E-A85E-355F805B8430}.Ad-Hoc|Any CPU.Build.0 = Release|Any CPU
		{B7AF4921-22E0-441E-A85E-355F805B8430}.Ad-Hoc|Any CPU.Deploy.0 = Release|Any CPU
		{B7AF4921-22E0-441E-A85E-355F805B8430}.Ad-Hoc|iPhone.ActiveCfg = Release|Any CPU
		{B7AF4921-22E0-441E-A85E-355F805B8430}.Ad-Hoc|iPhone.Build.0 = Release|Any CPU
		{B7AF4921-22E0-441E-A85E-355F805B8430}.Ad-Hoc|iPhone.Deploy.0 = Release|Any CPU
		{B7AF4921-22E0-441E-A85E-355F805B8430}.Ad-Hoc|iPhoneSimulator.ActiveCfg = Release|Any CPU
		{B7AF4921-22E0-441E-A85E-355F805B8430}.Ad-Hoc|iPhoneSimulator.Build.0 = Release|Any CPU
		{B7AF4921-22E0-441E-A85E-355F805B8430}.Ad-Hoc|iPhoneSimulator.Deploy.0 = Release|Any CPU
		{B7AF4921-22E0-441E-A85E-355F805B8430}.AppStore|Any CPU.ActiveCfg = Release|Any CPU
		{B7AF4921-22E0-441E-A85E-355F805B8430}.AppStore|Any CPU.Build.0 = Release|Any CPU
		{B7AF4921-22E0-441E-A85E-355F805B8430}.AppStore|Any CPU.Deploy.0 = Release|Any CPU
		{B7AF4921-22E0-441E-A85E-355F805B8430}.AppStore|iPhone.ActiveCfg = Release|Any CPU
		{B7AF4921-22E0-441E-A85E-355F805B8430}.AppStore|iPhone.Build.0 = Release|Any CPU
		{B7AF4921-22E0-441E-A85E-355F805B8430}.AppStore|iPhone.Deploy.0 = Release|Any CPU
		{B7AF4921-22E0-441E-A85E-355F805B8430}.AppStore|iPhoneSimulator.ActiveCfg = Release|Any CPU
		{B7AF4921-22E0-441E-A85E-355F805B8430}.AppStore|iPhoneSimulator.Build.0 = Release|Any CPU
		{B7AF4921-22E0-441E-A85E-355F805B8430}.AppStore|iPhoneSimulator.Deploy.0 = Release|Any CPU
		{B7AF4921-22E0-441E-A85E-355F805B8430}.Debug|Any CPU.ActiveCfg = Debug|Any CPU
		{B7AF4921-22E0-441E-A85E-355F805B8430}.Debug|Any CPU.Build.0 = Debug|Any CPU
		{B7AF4921-22E0-441E-A85E-355F805B8430}.Debug|Any CPU.Deploy.0 = Debug|Any CPU
		{B7AF4921-22E0-441E-A85E-355F805B8430}.Debug|iPhone.ActiveCfg = Debug|Any CPU
		{B7AF4921-22E0-441E-A85E-355F805B8430}.Debug|iPhone.Build.0 = Debug|Any CPU
		{B7AF4921-22E0-441E-A85E-355F805B8430}.Debug|iPhone.Deploy.0 = Debug|Any CPU
		{B7AF4921-22E0-441E-A85E-355F805B8430}.Debug|iPhoneSimulator.ActiveCfg = Debug|Any CPU
		{B7AF4921-22E0-441E-A85E-355F805B8430}.Debug|iPhoneSimulator.Build.0 = Debug|Any CPU
		{B7AF4921-22E0-441E-A85E-355F805B8430}.Debug|iPhoneSimulator.Deploy.0 = Debug|Any CPU
		{B7AF4921-22E0-441E-A85E-355F805B8430}.Release|Any CPU.ActiveCfg = Release|Any CPU
		{B7AF4921-22E0-441E-A85E-355F805B8430}.Release|Any CPU.Build.0 = Release|Any CPU
		{B7AF4921-22E0-441E-A85E-355F805B8430}.Release|Any CPU.Deploy.0 = Release|Any CPU
		{B7AF4921-22E0-441E-A85E-355F805B8430}.Release|iPhone.ActiveCfg = Release|Any CPU
		{B7AF4921-22E0-441E-A85E-355F805B8430}.Release|iPhone.Build.0 = Release|Any CPU
		{B7AF4921-22E0-441E-A85E-355F805B8430}.Release|iPhone.Deploy.0 = Release|Any CPU
		{B7AF4921-22E0-441E-A85E-355F805B8430}.Release|iPhoneSimulator.ActiveCfg = Release|Any CPU
		{B7AF4921-22E0-441E-A85E-355F805B8430}.Release|iPhoneSimulator.Build.0 = Release|Any CPU
		{B7AF4921-22E0-441E-A85E-355F805B8430}.Release|iPhoneSimulator.Deploy.0 = Release|Any CPU
		{E3668781-9A31-4B48-A0D4-7FEF03D697C9}.Ad-Hoc|Any CPU.ActiveCfg = Ad-Hoc|iPhone
		{E3668781-9A31-4B48-A0D4-7FEF03D697C9}.Ad-Hoc|iPhone.ActiveCfg = Ad-Hoc|iPhone
		{E3668781-9A31-4B48-A0D4-7FEF03D697C9}.Ad-Hoc|iPhone.Build.0 = Ad-Hoc|iPhone
		{E3668781-9A31-4B48-A0D4-7FEF03D697C9}.Ad-Hoc|iPhoneSimulator.ActiveCfg = Ad-Hoc|iPhoneSimulator
		{E3668781-9A31-4B48-A0D4-7FEF03D697C9}.Ad-Hoc|iPhoneSimulator.Build.0 = Ad-Hoc|iPhoneSimulator
		{E3668781-9A31-4B48-A0D4-7FEF03D697C9}.AppStore|Any CPU.ActiveCfg = AppStore|iPhone
		{E3668781-9A31-4B48-A0D4-7FEF03D697C9}.AppStore|iPhone.ActiveCfg = AppStore|iPhone
		{E3668781-9A31-4B48-A0D4-7FEF03D697C9}.AppStore|iPhone.Build.0 = AppStore|iPhone
		{E3668781-9A31-4B48-A0D4-7FEF03D697C9}.AppStore|iPhoneSimulator.ActiveCfg = AppStore|iPhoneSimulator
		{E3668781-9A31-4B48-A0D4-7FEF03D697C9}.AppStore|iPhoneSimulator.Build.0 = AppStore|iPhoneSimulator
		{E3668781-9A31-4B48-A0D4-7FEF03D697C9}.Debug|Any CPU.ActiveCfg = Debug|iPhone
		{E3668781-9A31-4B48-A0D4-7FEF03D697C9}.Debug|iPhone.ActiveCfg = Debug|iPhone
		{E3668781-9A31-4B48-A0D4-7FEF03D697C9}.Debug|iPhone.Build.0 = Debug|iPhone
		{E3668781-9A31-4B48-A0D4-7FEF03D697C9}.Debug|iPhoneSimulator.ActiveCfg = Debug|iPhoneSimulator
		{E3668781-9A31-4B48-A0D4-7FEF03D697C9}.Debug|iPhoneSimulator.Build.0 = Debug|iPhoneSimulator
		{E3668781-9A31-4B48-A0D4-7FEF03D697C9}.Release|Any CPU.ActiveCfg = Release|iPhone
		{E3668781-9A31-4B48-A0D4-7FEF03D697C9}.Release|iPhone.ActiveCfg = Release|iPhone
		{E3668781-9A31-4B48-A0D4-7FEF03D697C9}.Release|iPhone.Build.0 = Release|iPhone
		{E3668781-9A31-4B48-A0D4-7FEF03D697C9}.Release|iPhoneSimulator.ActiveCfg = Release|iPhoneSimulator
		{E3668781-9A31-4B48-A0D4-7FEF03D697C9}.Release|iPhoneSimulator.Build.0 = Release|iPhoneSimulator
		{BC0273D2-1718-457F-99F0-9116AA60338A}.Ad-Hoc|Any CPU.ActiveCfg = Release|Any CPU
		{BC0273D2-1718-457F-99F0-9116AA60338A}.Ad-Hoc|Any CPU.Build.0 = Release|Any CPU
		{BC0273D2-1718-457F-99F0-9116AA60338A}.Ad-Hoc|Any CPU.Deploy.0 = Release|Any CPU
		{BC0273D2-1718-457F-99F0-9116AA60338A}.Ad-Hoc|iPhone.ActiveCfg = Release|Any CPU
		{BC0273D2-1718-457F-99F0-9116AA60338A}.Ad-Hoc|iPhone.Build.0 = Release|Any CPU
		{BC0273D2-1718-457F-99F0-9116AA60338A}.Ad-Hoc|iPhone.Deploy.0 = Release|Any CPU
		{BC0273D2-1718-457F-99F0-9116AA60338A}.Ad-Hoc|iPhoneSimulator.ActiveCfg = Release|Any CPU
		{BC0273D2-1718-457F-99F0-9116AA60338A}.Ad-Hoc|iPhoneSimulator.Build.0 = Release|Any CPU
		{BC0273D2-1718-457F-99F0-9116AA60338A}.Ad-Hoc|iPhoneSimulator.Deploy.0 = Release|Any CPU
		{BC0273D2-1718-457F-99F0-9116AA60338A}.AppStore|Any CPU.ActiveCfg = Release|Any CPU
		{BC0273D2-1718-457F-99F0-9116AA60338A}.AppStore|Any CPU.Build.0 = Release|Any CPU
		{BC0273D2-1718-457F-99F0-9116AA60338A}.AppStore|Any CPU.Deploy.0 = Release|Any CPU
		{BC0273D2-1718-457F-99F0-9116AA60338A}.AppStore|iPhone.ActiveCfg = Release|Any CPU
		{BC0273D2-1718-457F-99F0-9116AA60338A}.AppStore|iPhone.Build.0 = Release|Any CPU
		{BC0273D2-1718-457F-99F0-9116AA60338A}.AppStore|iPhone.Deploy.0 = Release|Any CPU
		{BC0273D2-1718-457F-99F0-9116AA60338A}.AppStore|iPhoneSimulator.ActiveCfg = Release|Any CPU
		{BC0273D2-1718-457F-99F0-9116AA60338A}.AppStore|iPhoneSimulator.Build.0 = Release|Any CPU
		{BC0273D2-1718-457F-99F0-9116AA60338A}.AppStore|iPhoneSimulator.Deploy.0 = Release|Any CPU
		{BC0273D2-1718-457F-99F0-9116AA60338A}.Debug|Any CPU.ActiveCfg = Debug|Any CPU
		{BC0273D2-1718-457F-99F0-9116AA60338A}.Debug|Any CPU.Build.0 = Debug|Any CPU
		{BC0273D2-1718-457F-99F0-9116AA60338A}.Debug|Any CPU.Deploy.0 = Debug|Any CPU
		{BC0273D2-1718-457F-99F0-9116AA60338A}.Debug|iPhone.ActiveCfg = Debug|Any CPU
		{BC0273D2-1718-457F-99F0-9116AA60338A}.Debug|iPhone.Build.0 = Debug|Any CPU
		{BC0273D2-1718-457F-99F0-9116AA60338A}.Debug|iPhone.Deploy.0 = Debug|Any CPU
		{BC0273D2-1718-457F-99F0-9116AA60338A}.Debug|iPhoneSimulator.ActiveCfg = Debug|Any CPU
		{BC0273D2-1718-457F-99F0-9116AA60338A}.Debug|iPhoneSimulator.Build.0 = Debug|Any CPU
		{BC0273D2-1718-457F-99F0-9116AA60338A}.Debug|iPhoneSimulator.Deploy.0 = Debug|Any CPU
		{BC0273D2-1718-457F-99F0-9116AA60338A}.Release|Any CPU.ActiveCfg = Release|Any CPU
		{BC0273D2-1718-457F-99F0-9116AA60338A}.Release|Any CPU.Build.0 = Release|Any CPU
		{BC0273D2-1718-457F-99F0-9116AA60338A}.Release|Any CPU.Deploy.0 = Release|Any CPU
		{BC0273D2-1718-457F-99F0-9116AA60338A}.Release|iPhone.ActiveCfg = Release|Any CPU
		{BC0273D2-1718-457F-99F0-9116AA60338A}.Release|iPhone.Build.0 = Release|Any CPU
		{BC0273D2-1718-457F-99F0-9116AA60338A}.Release|iPhone.Deploy.0 = Release|Any CPU
		{BC0273D2-1718-457F-99F0-9116AA60338A}.Release|iPhoneSimulator.ActiveCfg = Release|Any CPU
		{BC0273D2-1718-457F-99F0-9116AA60338A}.Release|iPhoneSimulator.Build.0 = Release|Any CPU
		{BC0273D2-1718-457F-99F0-9116AA60338A}.Release|iPhoneSimulator.Deploy.0 = Release|Any CPU
		{03BA0332-8E73-4263-AC17-D9570A683E3B}.Ad-Hoc|Any CPU.ActiveCfg = Release|iPhone
		{03BA0332-8E73-4263-AC17-D9570A683E3B}.Ad-Hoc|Any CPU.Build.0 = Release|iPhone
		{03BA0332-8E73-4263-AC17-D9570A683E3B}.Ad-Hoc|iPhone.ActiveCfg = Release|iPhone
		{03BA0332-8E73-4263-AC17-D9570A683E3B}.Ad-Hoc|iPhone.Build.0 = Release|iPhone
		{03BA0332-8E73-4263-AC17-D9570A683E3B}.Ad-Hoc|iPhoneSimulator.ActiveCfg = Release|iPhoneSimulator
		{03BA0332-8E73-4263-AC17-D9570A683E3B}.Ad-Hoc|iPhoneSimulator.Build.0 = Release|iPhoneSimulator
		{03BA0332-8E73-4263-AC17-D9570A683E3B}.AppStore|Any CPU.ActiveCfg = Release|iPhone
		{03BA0332-8E73-4263-AC17-D9570A683E3B}.AppStore|Any CPU.Build.0 = Release|iPhone
		{03BA0332-8E73-4263-AC17-D9570A683E3B}.AppStore|iPhone.ActiveCfg = Release|iPhone
		{03BA0332-8E73-4263-AC17-D9570A683E3B}.AppStore|iPhone.Build.0 = Release|iPhone
		{03BA0332-8E73-4263-AC17-D9570A683E3B}.AppStore|iPhoneSimulator.ActiveCfg = Release|iPhoneSimulator
		{03BA0332-8E73-4263-AC17-D9570A683E3B}.AppStore|iPhoneSimulator.Build.0 = Release|iPhoneSimulator
		{03BA0332-8E73-4263-AC17-D9570A683E3B}.Debug|Any CPU.ActiveCfg = Debug|iPhone
		{03BA0332-8E73-4263-AC17-D9570A683E3B}.Debug|iPhone.ActiveCfg = Debug|iPhone
		{03BA0332-8E73-4263-AC17-D9570A683E3B}.Debug|iPhone.Build.0 = Debug|iPhone
		{03BA0332-8E73-4263-AC17-D9570A683E3B}.Debug|iPhoneSimulator.ActiveCfg = Debug|iPhoneSimulator
		{03BA0332-8E73-4263-AC17-D9570A683E3B}.Debug|iPhoneSimulator.Build.0 = Debug|iPhoneSimulator
		{03BA0332-8E73-4263-AC17-D9570A683E3B}.Release|Any CPU.ActiveCfg = Release|iPhone
		{03BA0332-8E73-4263-AC17-D9570A683E3B}.Release|iPhone.ActiveCfg = Release|iPhone
		{03BA0332-8E73-4263-AC17-D9570A683E3B}.Release|iPhone.Build.0 = Release|iPhone
		{03BA0332-8E73-4263-AC17-D9570A683E3B}.Release|iPhoneSimulator.ActiveCfg = Release|iPhoneSimulator
		{03BA0332-8E73-4263-AC17-D9570A683E3B}.Release|iPhoneSimulator.Build.0 = Release|iPhoneSimulator
	EndGlobalSection
	GlobalSection(SolutionProperties) = preSolution
		HideSolutionNode = FALSE
	EndGlobalSection
	GlobalSection(ExtensibilityGlobals) = postSolution
		SolutionGuid = {01DA231E-4905-40A1-B540-D40352C2FCFF}
	EndGlobalSection
EndGlobal
